
Microsoft Visual Studio Solution File, Format Version 12.00
# Visual Studio 15
VisualStudioVersion = 15.0.27130.2036
MinimumVisualStudioVersion = 10.0.40219.1
Project("{FAE04EC0-301F-11D3-BF4B-00C04F79EFBC}") = "OutputCacheExample", "OutputCacheExample\OutputCacheExample.csproj", "{4E01846D-BF60-4E55-AFD8-172D19F944FA}"
EndProject
Global
	GlobalSection(SolutionConfigurationPlatforms) = preSolution
		Debug|Any CPU = Debug|Any CPU
		Release|Any CPU = Release|Any CPU
	EndGlobalSection
	GlobalSection(ProjectConfigurationPlatforms) = postSolution
		{4E01846D-BF60-4E55-AFD8-172D19F944FA}.Debug|Any CPU.ActiveCfg = Debug|Any CPU
		{4E01846D-BF60-4E55-AFD8-172D19F944FA}.Debug|Any CPU.Build.0 = Debug|Any CPU
		{4E01846D-BF60-4E55-AFD8-172D19F944FA}.Release|Any CPU.ActiveCfg = Release|Any CPU
		{4E01846D-BF60-4E55-AFD8-172D19F944FA}.Release|Any CPU.Build.0 = Release|Any CPU
	EndGlobalSection
	GlobalSection(SolutionProperties) = preSolution
		HideSolutionNode = FALSE
	EndGlobalSection
	GlobalSection(ExtensibilityGlobals) = postSolution
		SolutionGuid = {747A12BC-F7F8-4ED2-9381-B08DB3C1DA41}
	EndGlobalSection
EndGlobal
